
Microsoft Visual Studio Solution File, Format Version 12.00
# Visual Studio Version 17
VisualStudioVersion = 17.6.33829.357
MinimumVisualStudioVersion = 10.0.40219.1
Project("{9A19103F-16F7-4668-BE54-9A1E7A4F7556}") = "Clock", "Clock\Clock.csproj", "{1490BB2A-FA10-4137-ACF4-E64D68B71DDD}"
EndProject
Project("{9A19103F-16F7-4668-BE54-9A1E7A4F7556}") = "Clock.Desktop", "Clock.Desktop\Clock.Desktop.csproj", "{32556097-F1B1-456F-A8A3-68C13F78B65E}"
EndProject
Global
	GlobalSection(SolutionConfigurationPlatforms) = preSolution
		Debug|Any CPU = Debug|Any CPU
		Release|Any CPU = Release|Any CPU
	EndGlobalSection
	GlobalSection(ProjectConfigurationPlatforms) = postSolution
		{1490BB2A-FA10-4137-ACF4-E64D68B71DDD}.Debug|Any CPU.ActiveCfg = Debug|Any CPU
		{1490BB2A-FA10-4137-ACF4-E64D68B71DDD}.Debug|Any CPU.Build.0 = Debug|Any CPU
		{1490BB2A-FA10-4137-ACF4-E64D68B71DDD}.Release|Any CPU.ActiveCfg = Release|Any CPU
		{1490BB2A-FA10-4137-ACF4-E64D68B71DDD}.Release|Any CPU.Build.0 = Release|Any CPU
		{32556097-F1B1-456F-A8A3-68C13F78B65E}.Debug|Any CPU.ActiveCfg = Debug|Any CPU
		{32556097-F1B1-456F-A8A3-68C13F78B65E}.Debug|Any CPU.Build.0 = Debug|Any CPU
		{32556097-F1B1-456F-A8A3-68C13F78B65E}.Release|Any CPU.ActiveCfg = Release|Any CPU
		{32556097-F1B1-456F-A8A3-68C13F78B65E}.Release|Any CPU.Build.0 = Release|Any CPU
	EndGlobalSection
	GlobalSection(SolutionProperties) = preSolution
		HideSolutionNode = FALSE
	EndGlobalSection
	GlobalSection(ExtensibilityGlobals) = postSolution
		SolutionGuid = {99B919E8-36F9-4BFE-A33C-F54FDD332808}
	EndGlobalSection
EndGlobal
